
Microsoft Visual Studio Solution File, Format Version 12.00
# Visual Studio 15
VisualStudioVersion = 15.0.28307.1062
MinimumVisualStudioVersion = 10.0.40219.1
Project("{8BC9CEB8-8B4A-11D0-8D11-00A0C91BC942}") = "BasicThread", "BasicThread\BasicThread.vcxproj", "{760A0A24-CA7D-4F6B-B963-2AAFBBEE2909}"
EndProject
Global
	GlobalSection(SolutionConfigurationPlatforms) = preSolution
		Debug|x64 = Debug|x64
		Debug|x86 = Debug|x86
		Release|x64 = Release|x64
		Release|x86 = Release|x86
	EndGlobalSection
	GlobalSection(ProjectConfigurationPlatforms) = postSolution
		{760A0A24-CA7D-4F6B-B963-2AAFBBEE2909}.Debug|x64.ActiveCfg = Debug|x64
		{760A0A24-CA7D-4F6B-B963-2AAFBBEE2909}.Debug|x64.Build.0 = Debug|x64
		{760A0A24-CA7D-4F6B-B963-2AAFBBEE2909}.Debug|x86.ActiveCfg = Debug|Win32
		{760A0A24-CA7D-4F6B-B963-2AAFBBEE2909}.Debug|x86.Build.0 = Debug|Win32
		{760A0A24-CA7D-4F6B-B963-2AAFBBEE2909}.Release|x64.ActiveCfg = Release|x64
		{760A0A24-CA7D-4F6B-B963-2AAFBBEE2909}.Release|x64.Build.0 = Release|x64
		{760A0A24-CA7D-4F6B-B963-2AAFBBEE2909}.Release|x86.ActiveCfg = Release|Win32
		{760A0A24-CA7D-4F6B-B963-2AAFBBEE2909}.Release|x86.Build.0 = Release|Win32
	EndGlobalSection
	GlobalSection(SolutionProperties) = preSolution
		HideSolutionNode = FALSE
	EndGlobalSection
	GlobalSection(ExtensibilityGlobals) = postSolution
		SolutionGuid = {676203F7-B906-4DE9-8835-AA564E2D8D0F}
	EndGlobalSection
EndGlobal
