
Microsoft Visual Studio Solution File, Format Version 12.00
# Visual Studio 15
VisualStudioVersion = 15.0.28307.1145
MinimumVisualStudioVersion = 10.0.40219.1
Project("{8BC9CEB8-8B4A-11D0-8D11-00A0C91BC942}") = "Thread_and_Vector", "Thread_and_Vector\Thread_and_Vector.vcxproj", "{D121F8E7-A6EE-442A-BFED-2EC0F839A742}"
EndProject
Global
	GlobalSection(SolutionConfigurationPlatforms) = preSolution
		Debug|x64 = Debug|x64
		Debug|x86 = Debug|x86
		Release|x64 = Release|x64
		Release|x86 = Release|x86
	EndGlobalSection
	GlobalSection(ProjectConfigurationPlatforms) = postSolution
		{D121F8E7-A6EE-442A-BFED-2EC0F839A742}.Debug|x64.ActiveCfg = Debug|x64
		{D121F8E7-A6EE-442A-BFED-2EC0F839A742}.Debug|x64.Build.0 = Debug|x64
		{D121F8E7-A6EE-442A-BFED-2EC0F839A742}.Debug|x86.ActiveCfg = Debug|Win32
		{D121F8E7-A6EE-442A-BFED-2EC0F839A742}.Debug|x86.Build.0 = Debug|Win32
		{D121F8E7-A6EE-442A-BFED-2EC0F839A742}.Release|x64.ActiveCfg = Release|x64
		{D121F8E7-A6EE-442A-BFED-2EC0F839A742}.Release|x64.Build.0 = Release|x64
		{D121F8E7-A6EE-442A-BFED-2EC0F839A742}.Release|x86.ActiveCfg = Release|Win32
		{D121F8E7-A6EE-442A-BFED-2EC0F839A742}.Release|x86.Build.0 = Release|Win32
	EndGlobalSection
	GlobalSection(SolutionProperties) = preSolution
		HideSolutionNode = FALSE
	EndGlobalSection
	GlobalSection(ExtensibilityGlobals) = postSolution
		SolutionGuid = {88EBEEEB-DFD8-454C-A914-2B4D1CCA875F}
	EndGlobalSection
EndGlobal
